// !$*UTF8*$!
{
	archiveVersion = 1;
	classes = {
	};
	objectVersion = 46;
	objects = {

/* Begin PBXBuildFile section */
		1CEF7C0A1ED01DCD00D2FEBE /* AppDelegate.swift in Sources */ = {isa = PBXBuildFile; fileRef = 1CEF7C091ED01DCD00D2FEBE /* AppDelegate.swift */; };
		1CEF7C0C1ED01DCD00D2FEBE /* ViewController.swift in Sources */ = {isa = PBXBuildFile; fileRef = 1CEF7C0B1ED01DCD00D2FEBE /* ViewController.swift */; };
		1CEF7C0F1ED01DCD00D2FEBE /* Main.storyboard in Resources */ = {isa = PBXBuildFile; fileRef = 1CEF7C0D1ED01DCD00D2FEBE /* Main.storyboard */; };
		1CEF7C111ED01DCD00D2FEBE /* Assets.xcassets in Resources */ = {isa = PBXBuildFile; fileRef = 1CEF7C101ED01DCD00D2FEBE /* Assets.xcassets */; };
		1CEF7C141ED01DCD00D2FEBE /* LaunchScreen.storyboard in Resources */ = {isa = PBXBuildFile; fileRef = 1CEF7C121ED01DCD00D2FEBE /* LaunchScreen.storyboard */; };
/* End PBXBuildFile section */

/* Begin PBXFileReference section */
		1CEF7C061ED01DCD00D2FEBE /* Click Counter.app */ = {isa = PBXFileReference; explicitFileType = wrapper.application; includeInIndex = 0; path = "Click Counter.app"; sourceTree = BUILT_PRODUCTS_DIR; };
		1CEF7C091ED01DCD00D2FEBE /* AppDelegate.swift */ = {isa = PBXFileReference; lastKnownFileType = sourcecode.swift; path = AppDelegate.swift; sourceTree = "<group>"; };
		1CEF7C0B1ED01DCD00D2FEBE /* ViewController.swift */ = {isa = PBXFileReference; lastKnownFileType = sourcecode.swift; path = ViewController.swift; sourceTree = "<group>"; };
		1CEF7C0E1ED01DCD00D2FEBE /* Base */ = {isa = PBXFileReference; lastKnownFileType = file.storyboard; name = Base; path = Base.lproj/Main.storyboard; sourceTree = "<group>"; };
		1CEF7C101ED01DCD00D2FEBE /* Assets.xcassets */ = {isa = PBXFileReference; lastKnownFileType = folder.assetcatalog; path = Assets.xcassets; sourceTree = "<group>"; };
		1CEF7C131ED01DCD00D2FEBE /* Base */ = {isa = PBXFileReference; lastKnownFileType = file.storyboard; name = Base; path = Base.lproj/LaunchScreen.storyboard; sourceTree = "<group>"; };
		1CEF7C151ED01DCD00D2FEBE /* Info.plist */ = {isa = PBXFileReference; lastKnownFileType = text.plist.xml; path = Info.plist; sourceTree = "<group>"; };
/* End PBXFileReference section */

/* Begin PBXFrameworksBuildPhase section */
		1CEF7C031ED01DCD00D2FEBE /* Frameworks */ = {
			isa = PBXFrameworksBuildPhase;
			buildActionMask = 2147483647;
			files = (
			);
			runOnlyForDeploymentPostprocessing = 0;
		};
/* End PBXFrameworksBuildPhase section */

/* Begin PBXGroup section */
		1CEF7BFD1ED01DCD00D2FEBE = {
			isa = PBXGroup;
			children = (
				1CEF7C081ED01DCD00D2FEBE /* Click Counter */,
				1CEF7C071ED01DCD00D2FEBE /* Products */,
			);
			sourceTree = "<group>";
		};
		1CEF7C071ED01DCD00D2FEBE /* Products */ = {
			isa = PBXGroup;
			children = (
				1CEF7C061ED01DCD00D2FEBE /* Click Counter.app */,
			);
			name = Products;
			sourceTree = "<group>";
		};
		1CEF7C081ED01DCD00D2FEBE /* Click Counter */ = {
			isa = PBXGroup;
			children = (
				1CEF7C091ED01DCD00D2FEBE /* AppDelegate.swift */,
				1CEF7C0B1ED01DCD00D2FEBE /* ViewController.swift */,
				1CEF7C0D1ED01DCD00D2FEBE /* Main.storyboard */,
				1CEF7C101ED01DCD00D2FEBE /* Assets.xcassets */,
				1CEF7C121ED01DCD00D2FEBE /* LaunchScreen.storyboard */,
				1CEF7C151ED01DCD00D2FEBE /* Info.plist */,
			);
			path = "Click Counter";
			sourceTree = "<group>";
		};
/* End PBXGroup section */

/* Begin PBXNativeTarget section */
		1CEF7C051ED01DCD00D2FEBE /* Click Counter */ = {
			isa = PBXNativeTarget;
			buildConfigurationList = 1CEF7C181ED01DCD00D2FEBE /* Build configuration list for PBXNativeTarget "Click Counter" */;
			buildPhases = (
				1CEF7C021ED01DCD00D2FEBE /* Sources */,
				1CEF7C031ED01DCD00D2FEBE /* Frameworks */,
				1CEF7C041ED01DCD00D2FEBE /* Resources */,
			);
			buildRules = (
			);
			dependencies = (
			);
			name = "Click Counter";
			productName = "Click Counter";
			productReference = 1CEF7C061ED01DCD00D2FEBE /* Click Counter.app */;
			productType = "com.apple.product-type.application";
		};
/* End PBXNativeTarget section */

/* Begin PBXProject section */
		1CEF7BFE1ED01DCD00D2FEBE /* Project object */ = {
			isa = PBXProject;
			attributes = {
				LastSwiftUpdateCheck = 0830;
				LastUpgradeCheck = 0830;
				ORGANIZATIONNAME = Crowdix;
				TargetAttributes = {
					1CEF7C051ED01DCD00D2FEBE = {
						CreatedOnToolsVersion = 8.3.2;
						ProvisioningStyle = Automatic;
					};
				};
			};
			buildConfigurationList = 1CEF7C011ED01DCD00D2FEBE /* Build configuration list for PBXProject "Click Counter" */;
			compatibilityVersion = "Xcode 3.2";
			developmentRegion = English;
			hasScannedForEncodings = 0;
			knownRegions = (
				en,
				Base,
			);
			mainGroup = 1CEF7BFD1ED01DCD00D2FEBE;
			productRefGroup = 1CEF7C071ED01DCD00D2FEBE /* Products */;
			projectDirPath = "";
			projectRoot = "";
			targets = (
				1CEF7C051ED01DCD00D2FEBE /* Click Counter */,
			);
		};
/* End PBXProject section */

/* Begin PBXResourcesBuildPhase section */
		1CEF7C041ED01DCD00D2FEBE /* Resources */ = {
			isa = PBXResourcesBuildPhase;
			buildActionMask = 2147483647;
			files = (
				1CEF7C141ED01DCD00D2FEBE /* LaunchScreen.storyboard in Resources */,
				1CEF7C111ED01DCD00D2FEBE /* Assets.xcassets in Resources */,
				1CEF7C0F1ED01DCD00D2FEBE /* Main.storyboard in Resources */,
			);
			runOnlyForDeploymentPostprocessing = 0;
		};
/* End PBXResourcesBuildPhase section */

/* Begin PBXSourcesBuildPhase section */
		1CEF7C021ED01DCD00D2FEBE /* Sources */ = {
			isa = PBXSourcesBuildPhase;
			buildActionMask = 2147483647;
			files = (
				1CEF7C0C1ED01DCD00D2FEBE /* ViewController.swift in Sources */,
				1CEF7C0A1ED01DCD00D2FEBE /* AppDelegate.swift in Sources */,
			);
			runOnlyForDeploymentPostprocessing = 0;
		};
/* End PBXSourcesBuildPhase section */

/* Begin PBXVariantGroup section */
		1CEF7C0D1ED01DCD00D2FEBE /* Main.storyboard */ = {
			isa = PBXVariantGroup;
			children = (
				1CEF7C0E1ED01DCD00D2FEBE /* Base */,
			);
			name = Main.storyboard;
			sourceTree = "<group>";
		};
		1CEF7C121ED01DCD00D2FEBE /* LaunchScreen.storyboard */ = {
			isa = PBXVariantGroup;
			children = (
				1CEF7C131ED01DCD00D2FEBE /* Base */,
			);
			name = LaunchScreen.storyboard;
			sourceTree = "<group>";
		};
/* End PBXVariantGroup section */

/* Begin XCBuildConfiguration section */
		1CEF7C161ED01DCD00D2FEBE /* Debug */ = {
			isa = XCBuildConfiguration;
			buildSettings = {
				ALWAYS_SEARCH_USER_PATHS = NO;
				CLANG_ANALYZER_NONNULL = YES;
				CLANG_ANALYZER_NUMBER_OBJECT_CONVERSION = YES_AGGRESSIVE;
				CLANG_CXX_LANGUAGE_STANDARD = "gnu++0x";
				CLANG_CXX_LIBRARY = "libc++";
				CLANG_ENABLE_MODULES = YES;
				CLANG_ENABLE_OBJC_ARC = YES;
				CLANG_WARN_BOOL_CONVERSION = YES;
				CLANG_WARN_CONSTANT_CONVERSION = YES;
				CLANG_WARN_DIRECT_OBJC_ISA_USAGE = YES_ERROR;
				CLANG_WARN_DOCUMENTATION_COMMENTS = YES;
				CLANG_WARN_EMPTY_BODY = YES;
				CLANG_WARN_ENUM_CONVERSION = YES;
				CLANG_WARN_INFINITE_RECURSION = YES;
				CLANG_WARN_INT_CONVERSION = YES;
				CLANG_WARN_OBJC_ROOT_CLASS = YES_ERROR;
				CLANG_WARN_SUSPICIOUS_MOVE = YES;
				CLANG_WARN_UNREACHABLE_CODE = YES;
				CLANG_WARN__DUPLICATE_METHOD_MATCH = YES;
				"CODE_SIGN_IDENTITY[sdk=iphoneos*]" = "iPhone Developer";
				COPY_PHASE_STRIP = NO;
				DEBUG_INFORMATION_FORMAT = dwarf;
				ENABLE_STRICT_OBJC_MSGSEND = YES;
				ENABLE_TESTABILITY = YES;
				GCC_C_LANGUAGE_STANDARD = gnu99;
				GCC_DYNAMIC_NO_PIC = NO;
				GCC_NO_COMMON_BLOCKS = YES;
				GCC_OPTIMIZATION_LEVEL = 0;
				GCC_PREPROCESSOR_DEFINITIONS = (
					"DEBUG=1",
					"$(inherited)",
				);
				GCC_WARN_64_TO_32_BIT_CONVERSION = YES;
				GCC_WARN_ABOUT_RETURN_TYPE = YES_ERROR;
				GCC_WARN_UNDECLARED_SELECTOR = YES;
				GCC_WARN_UNINITIALIZED_AUTOS = YES_AGGRESSIVE;
				GCC_WARN_UNUSED_FUNCTION = YES;
				GCC_WARN_UNUSED_VARIABLE = YES;
				IPHONEOS_DEPLOYMENT_TARGET = 10.3;
				MTL_ENABLE_DEBUG_INFO = YES;
				ONLY_ACTIVE_ARCH = YES;
				SDKROOT = iphoneos;
				SWIFT_ACTIVE_COMPILATION_CONDITIONS = DEBUG;
				SWIFT_OPTIMIZATION_LEVEL = "-Onone";
				TARGETED_DEVICE_FAMILY = "1,2";
			};
			name = Debug;
		};
		1CEF7C171ED01DCD00D2FEBE /* Release */ = {
			isa = XCBuildConfiguration;
			buildSettings = {
				ALWAYS_SEARCH_USER_PATHS = NO;
				CLANG_ANALYZER_NONNULL = YES;
				CLANG_ANALYZER_NUMBER_OBJECT_CONVERSION = YES_AGGRESSIVE;
				CLANG_CXX_LANGUAGE_STANDARD = "gnu++0x";
				CLANG_CXX_LIBRARY = "libc++";
				CLANG_ENABLE_MODULES = YES;
				CLANG_ENABLE_OBJC_ARC = YES;
				CLANG_WARN_BOOL_CONVERSION = YES;
				CLANG_WARN_CONSTANT_CONVERSION = YES;
				CLANG_WARN_DIRECT_OBJC_ISA_USAGE = YES_ERROR;
				CLANG_WARN_DOCUMENTATION_COMMENTS = YES;
				CLANG_WARN_EMPTY_BODY = YES;
				CLANG_WARN_ENUM_CONVERSION = YES;
				CLANG_WARN_INFINITE_RECURSION = YES;
				CLANG_WARN_INT_CONVERSION = YES;
				CLANG_WARN_OBJC_ROOT_CLASS = YES_ERROR;
				CLANG_WARN_SUSPICIOUS_MOVE = YES;
				CLANG_WARN_UNREACHABLE_CODE = YES;
				CLANG_WARN__DUPLICATE_METHOD_MATCH = YES;
				"CODE_SIGN_IDENTITY[sdk=iphoneos*]" = "iPhone Developer";
				COPY_PHASE_STRIP = NO;
				DEBUG_INFORMATION_FORMAT = "dwarf-with-dsym";
				ENABLE_NS_ASSERTIONS = NO;
				ENABLE_STRICT_OBJC_MSGSEND = YES;
				GCC_C_LANGUAGE_STANDARD = gnu99;
				GCC_NO_COMMON_BLOCKS = YES;
				GCC_WARN_64_TO_32_BIT_CONVERSION = YES;
				GCC_WARN_ABOUT_RETURN_TYPE = YES_ERROR;
				GCC_WARN_UNDECLARED_SELECTOR = YES;
				GCC_WARN_UNINITIALIZED_AUTOS = YES_AGGRESSIVE;
				GCC_WARN_UNUSED_FUNCTION = YES;
				GCC_WARN_UNUSED_VARIABLE = YES;
				IPHONEOS_DEPLOYMENT_TARGET = 10.3;
				MTL_ENABLE_DEBUG_INFO = NO;
				SDKROOT = iphoneos;
				SWIFT_OPTIMIZATION_LEVEL = "-Owholemodule";
				TARGETED_DEVICE_FAMILY = "1,2";
				VALIDATE_PRODUCT = YES;
			};
			name = Release;
		};
		1CEF7C191ED01DCD00D2FEBE /* Debug */ = {
			isa = XCBuildConfiguration;
			buildSettings = {
				ASSETCATALOG_COMPILER_APPICON_NAME = AppIcon;
				INFOPLIST_FILE = "Click Counter/Info.plist";
				LD_RUNPATH_SEARCH_PATHS = "$(inherited) @executable_path/Frameworks";
				PRODUCT_BUNDLE_IDENTIFIER = "com.example.crowdix.Click-Counter";
				PRODUCT_NAME = "$(TARGET_NAME)";
				SWIFT_VERSION = 3.0;
			};
			name = Debug;
		};
		1CEF7C1A1ED01DCD00D2FEBE /* Release */ = {
			isa = XCBuildConfiguration;
			buildSettings = {
				ASSETCATALOG_COMPILER_APPICON_NAME = AppIcon;
				INFOPLIST_FILE = "Click Counter/Info.plist";
				LD_RUNPATH_SEARCH_PATHS = "$(inherited) @executable_path/Frameworks";
				PRODUCT_BUNDLE_IDENTIFIER = "com.example.crowdix.Click-Counter";
				PRODUCT_NAME = "$(TARGET_NAME)";
				SWIFT_VERSION = 3.0;
			};
			name = Release;
		};
/* End XCBuildConfiguration section */

/* Begin XCConfigurationList section */
		1CEF7C011ED01DCD00D2FEBE /* Build configuration list for PBXProject "Click Counter" */ = {
			isa = XCConfigurationList;
			buildConfigurations = (
				1CEF7C161ED01DCD00D2FEBE /* Debug */,
				1CEF7C171ED01DCD00D2FEBE /* Release */,
			);
			defaultConfigurationIsVisible = 0;
			defaultConfigurationName = Release;
		};
		1CEF7C181ED01DCD00D2FEBE /* Build configuration list for PBXNativeTarget "Click Counter" */ = {
			isa = XCConfigurationList;
			buildConfigurations = (
				1CEF7C191ED01DCD00D2FEBE /* Debug */,
				1CEF7C1A1ED01DCD00D2FEBE /* Release */,
			);
			defaultConfigurationIsVisible = 0;
		};
/* End XCConfigurationList section */
	};
	rootObject = 1CEF7BFE1ED01DCD00D2FEBE /* Project object */;
}
